// !$*UTF8*$!
{
	archiveVersion = 1;
	classes = {
	};
	objectVersion = 50;
	objects = {

/* Begin PBXBuildFile section */
		0484939E21C2FA2400BDEE1B /* Color.swift in Sources */ = {isa = PBXBuildFile; fileRef = 0484939D21C2FA2400BDEE1B /* Color.swift */; };
		048493A021C2FA6D00BDEE1B /* SwipingController.swift in Sources */ = {isa = PBXBuildFile; fileRef = 0484939F21C2FA6D00BDEE1B /* SwipingController.swift */; };
		048493A221C4889F00BDEE1B /* PageCell.swift in Sources */ = {isa = PBXBuildFile; fileRef = 048493A121C4889F00BDEE1B /* PageCell.swift */; };
		048493A721C49ED700BDEE1B /* Page.swift in Sources */ = {isa = PBXBuildFile; fileRef = 048493A621C49ED700BDEE1B /* Page.swift */; };
		0498ABAC21C70E8200BA84FC /* SwipingController+Extensions.swift in Sources */ = {isa = PBXBuildFile; fileRef = 0498ABAB21C70E8200BA84FC /* SwipingController+Extensions.swift */; };
		0498ABAE21C70FC400BA84FC /* SwipingController+UICollectionView.swift in Sources */ = {isa = PBXBuildFile; fileRef = 0498ABAD21C70FC400BA84FC /* SwipingController+UICollectionView.swift */; };
		04BA72C621C1846400BC47B6 /* AppDelegate.swift in Sources */ = {isa = PBXBuildFile; fileRef = 04BA72C521C1846400BC47B6 /* AppDelegate.swift */; };
		04BA72C821C1846400BC47B6 /* ViewController.swift in Sources */ = {isa = PBXBuildFile; fileRef = 04BA72C721C1846400BC47B6 /* ViewController.swift */; };
		04BA72CB21C1846400BC47B6 /* Main.storyboard in Resources */ = {isa = PBXBuildFile; fileRef = 04BA72C921C1846400BC47B6 /* Main.storyboard */; };
		04BA72CD21C1846400BC47B6 /* Assets.xcassets in Resources */ = {isa = PBXBuildFile; fileRef = 04BA72CC21C1846400BC47B6 /* Assets.xcassets */; };
		04BA72D021C1846400BC47B6 /* LaunchScreen.storyboard in Resources */ = {isa = PBXBuildFile; fileRef = 04BA72CE21C1846400BC47B6 /* LaunchScreen.storyboard */; };
/* End PBXBuildFile section */

/* Begin PBXFileReference section */
		0484939D21C2FA2400BDEE1B /* Color.swift */ = {isa = PBXFileReference; lastKnownFileType = sourcecode.swift; path = Color.swift; sourceTree = "<group>"; };
		0484939F21C2FA6D00BDEE1B /* SwipingController.swift */ = {isa = PBXFileReference; lastKnownFileType = sourcecode.swift; path = SwipingController.swift; sourceTree = "<group>"; };
		048493A121C4889F00BDEE1B /* PageCell.swift */ = {isa = PBXFileReference; lastKnownFileType = sourcecode.swift; path = PageCell.swift; sourceTree = "<group>"; };
		048493A621C49ED700BDEE1B /* Page.swift */ = {isa = PBXFileReference; lastKnownFileType = sourcecode.swift; path = Page.swift; sourceTree = "<group>"; };
		0498ABAB21C70E8200BA84FC /* SwipingController+Extensions.swift */ = {isa = PBXFileReference; lastKnownFileType = sourcecode.swift; path = "SwipingController+Extensions.swift"; sourceTree = "<group>"; };
		0498ABAD21C70FC400BA84FC /* SwipingController+UICollectionView.swift */ = {isa = PBXFileReference; lastKnownFileType = sourcecode.swift; path = "SwipingController+UICollectionView.swift"; sourceTree = "<group>"; };
		04BA72C221C1846400BC47B6 /* AutoLayoutProg.app */ = {isa = PBXFileReference; explicitFileType = wrapper.application; includeInIndex = 0; path = AutoLayoutProg.app; sourceTree = BUILT_PRODUCTS_DIR; };
		04BA72C521C1846400BC47B6 /* AppDelegate.swift */ = {isa = PBXFileReference; lastKnownFileType = sourcecode.swift; path = AppDelegate.swift; sourceTree = "<group>"; };
		04BA72C721C1846400BC47B6 /* ViewController.swift */ = {isa = PBXFileReference; lastKnownFileType = sourcecode.swift; path = ViewController.swift; sourceTree = "<group>"; };
		04BA72CA21C1846400BC47B6 /* Base */ = {isa = PBXFileReference; lastKnownFileType = file.storyboard; name = Base; path = Base.lproj/Main.storyboard; sourceTree = "<group>"; };
		04BA72CC21C1846400BC47B6 /* Assets.xcassets */ = {isa = PBXFileReference; lastKnownFileType = folder.assetcatalog; path = Assets.xcassets; sourceTree = "<group>"; };
		04BA72CF21C1846400BC47B6 /* Base */ = {isa = PBXFileReference; lastKnownFileType = file.storyboard; name = Base; path = Base.lproj/LaunchScreen.storyboard; sourceTree = "<group>"; };
		04BA72D121C1846400BC47B6 /* Info.plist */ = {isa = PBXFileReference; lastKnownFileType = text.plist.xml; path = Info.plist; sourceTree = "<group>"; };
/* End PBXFileReference section */

/* Begin PBXFrameworksBuildPhase section */
		04BA72BF21C1846400BC47B6 /* Frameworks */ = {
			isa = PBXFrameworksBuildPhase;
			buildActionMask = 2147483647;
			files = (
			);
			runOnlyForDeploymentPostprocessing = 0;
		};
/* End PBXFrameworksBuildPhase section */

/* Begin PBXGroup section */
		0484939C21C2FA0B00BDEE1B /* Extensions */ = {
			isa = PBXGroup;
			children = (
				0484939D21C2FA2400BDEE1B /* Color.swift */,
			);
			path = Extensions;
			sourceTree = "<group>";
		};
		048493A321C488A800BDEE1B /* ViewCobtrollers */ = {
			isa = PBXGroup;
			children = (
				04BA72C721C1846400BC47B6 /* ViewController.swift */,
				0484939F21C2FA6D00BDEE1B /* SwipingController.swift */,
				0498ABAB21C70E8200BA84FC /* SwipingController+Extensions.swift */,
				0498ABAD21C70FC400BA84FC /* SwipingController+UICollectionView.swift */,
			);
			path = ViewCobtrollers;
			sourceTree = "<group>";
		};
		048493A421C488BA00BDEE1B /* Cells */ = {
			isa = PBXGroup;
			children = (
				048493A121C4889F00BDEE1B /* PageCell.swift */,
			);
			path = Cells;
			sourceTree = "<group>";
		};
		048493A521C49EC400BDEE1B /* Model */ = {
			isa = PBXGroup;
			children = (
				048493A621C49ED700BDEE1B /* Page.swift */,
			);
			path = Model;
			sourceTree = "<group>";
		};
		04BA72B921C1846300BC47B6 = {
			isa = PBXGroup;
			children = (
				04BA72C421C1846400BC47B6 /* AutoLayoutProg */,
				04BA72C321C1846400BC47B6 /* Products */,
			);
			sourceTree = "<group>";
		};
		04BA72C321C1846400BC47B6 /* Products */ = {
			isa = PBXGroup;
			children = (
				04BA72C221C1846400BC47B6 /* AutoLayoutProg.app */,
			);
			name = Products;
			sourceTree = "<group>";
		};
		04BA72C421C1846400BC47B6 /* AutoLayoutProg */ = {
			isa = PBXGroup;
			children = (
				04BA72C521C1846400BC47B6 /* AppDelegate.swift */,
				048493A321C488A800BDEE1B /* ViewCobtrollers */,
				048493A421C488BA00BDEE1B /* Cells */,
				048493A521C49EC400BDEE1B /* Model */,
				0484939C21C2FA0B00BDEE1B /* Extensions */,
				04BA72CC21C1846400BC47B6 /* Assets.xcassets */,
				04BA72C921C1846400BC47B6 /* Main.storyboard */,
				04BA72CE21C1846400BC47B6 /* LaunchScreen.storyboard */,
				04BA72D121C1846400BC47B6 /* Info.plist */,
			);
			path = AutoLayoutProg;
			sourceTree = "<group>";
		};
/* End PBXGroup section */

/* Begin PBXNativeTarget section */
		04BA72C121C1846400BC47B6 /* AutoLayoutProg */ = {
			isa = PBXNativeTarget;
			buildConfigurationList = 04BA72D421C1846400BC47B6 /* Build configuration list for PBXNativeTarget "AutoLayoutProg" */;
			buildPhases = (
				04BA72BE21C1846400BC47B6 /* Sources */,
				04BA72BF21C1846400BC47B6 /* Frameworks */,
				04BA72C021C1846400BC47B6 /* Resources */,
			);
			buildRules = (
			);
			dependencies = (
			);
			name = AutoLayoutProg;
			productName = AutoLayoutProg;
			productReference = 04BA72C221C1846400BC47B6 /* AutoLayoutProg.app */;
			productType = "com.apple.product-type.application";
		};
/* End PBXNativeTarget section */

/* Begin PBXProject section */
		04BA72BA21C1846300BC47B6 /* Project object */ = {
			isa = PBXProject;
			attributes = {
				LastSwiftUpdateCheck = 1010;
				LastUpgradeCheck = 1010;
				ORGANIZATIONNAME = sarinswift;
				TargetAttributes = {
					04BA72C121C1846400BC47B6 = {
						CreatedOnToolsVersion = 10.1;
					};
				};
			};
			buildConfigurationList = 04BA72BD21C1846300BC47B6 /* Build configuration list for PBXProject "AutoLayoutProg" */;
			compatibilityVersion = "Xcode 9.3";
			developmentRegion = en;
			hasScannedForEncodings = 0;
			knownRegions = (
				en,
				Base,
			);
			mainGroup = 04BA72B921C1846300BC47B6;
			productRefGroup = 04BA72C321C1846400BC47B6 /* Products */;
			projectDirPath = "";
			projectRoot = "";
			targets = (
				04BA72C121C1846400BC47B6 /* AutoLayoutProg */,
			);
		};
/* End PBXProject section */

/* Begin PBXResourcesBuildPhase section */
		04BA72C021C1846400BC47B6 /* Resources */ = {
			isa = PBXResourcesBuildPhase;
			buildActionMask = 2147483647;
			files = (
				04BA72D021C1846400BC47B6 /* LaunchScreen.storyboard in Resources */,
				04BA72CD21C1846400BC47B6 /* Assets.xcassets in Resources */,
				04BA72CB21C1846400BC47B6 /* Main.storyboard in Resources */,
			);
			runOnlyForDeploymentPostprocessing = 0;
		};
/* End PBXResourcesBuildPhase section */

/* Begin PBXSourcesBuildPhase section */
		04BA72BE21C1846400BC47B6 /* Sources */ = {
			isa = PBXSourcesBuildPhase;
			buildActionMask = 2147483647;
			files = (
				0498ABAE21C70FC400BA84FC /* SwipingController+UICollectionView.swift in Sources */,
				0498ABAC21C70E8200BA84FC /* SwipingController+Extensions.swift in Sources */,
				04BA72C821C1846400BC47B6 /* ViewController.swift in Sources */,
				048493A221C4889F00BDEE1B /* PageCell.swift in Sources */,
				048493A721C49ED700BDEE1B /* Page.swift in Sources */,
				04BA72C621C1846400BC47B6 /* AppDelegate.swift in Sources */,
				0484939E21C2FA2400BDEE1B /* Color.swift in Sources */,
				048493A021C2FA6D00BDEE1B /* SwipingController.swift in Sources */,
			);
			runOnlyForDeploymentPostprocessing = 0;
		};
/* End PBXSourcesBuildPhase section */

/* Begin PBXVariantGroup section */
		04BA72C921C1846400BC47B6 /* Main.storyboard */ = {
			isa = PBXVariantGroup;
			children = (
				04BA72CA21C1846400BC47B6 /* Base */,
			);
			name = Main.storyboard;
			sourceTree = "<group>";
		};
		04BA72CE21C1846400BC47B6 /* LaunchScreen.storyboard */ = {
			isa = PBXVariantGroup;
			children = (
				04BA72CF21C1846400BC47B6 /* Base */,
			);
			name = LaunchScreen.storyboard;
			sourceTree = "<group>";
		};
/* End PBXVariantGroup section */

/* Begin XCBuildConfiguration section */
		04BA72D221C1846400BC47B6 /* Debug */ = {
			isa = XCBuildConfiguration;
			buildSettings = {
				ALWAYS_SEARCH_USER_PATHS = NO;
				CLANG_ANALYZER_NONNULL = YES;
				CLANG_ANALYZER_NUMBER_OBJECT_CONVERSION = YES_AGGRESSIVE;
				CLANG_CXX_LANGUAGE_STANDARD = "gnu++14";
				CLANG_CXX_LIBRARY = "libc++";
				CLANG_ENABLE_MODULES = YES;
				CLANG_ENABLE_OBJC_ARC = YES;
				CLANG_ENABLE_OBJC_WEAK = YES;
				CLANG_WARN_BLOCK_CAPTURE_AUTORELEASING = YES;
				CLANG_WARN_BOOL_CONVERSION = YES;
				CLANG_WARN_COMMA = YES;
				CLANG_WARN_CONSTANT_CONVERSION = YES;
				CLANG_WARN_DEPRECATED_OBJC_IMPLEMENTATIONS = YES;
				CLANG_WARN_DIRECT_OBJC_ISA_USAGE = YES_ERROR;
				CLANG_WARN_DOCUMENTATION_COMMENTS = YES;
				CLANG_WARN_EMPTY_BODY = YES;
				CLANG_WARN_ENUM_CONVERSION = YES;
				CLANG_WARN_INFINITE_RECURSION = YES;
				CLANG_WARN_INT_CONVERSION = YES;
				CLANG_WARN_NON_LITERAL_NULL_CONVERSION = YES;
				CLANG_WARN_OBJC_IMPLICIT_RETAIN_SELF = YES;
				CLANG_WARN_OBJC_LITERAL_CONVERSION = YES;
				CLANG_WARN_OBJC_ROOT_CLASS = YES_ERROR;
				CLANG_WARN_RANGE_LOOP_ANALYSIS = YES;
				CLANG_WARN_STRICT_PROTOTYPES = YES;
				CLANG_WARN_SUSPICIOUS_MOVE = YES;
				CLANG_WARN_UNGUARDED_AVAILABILITY = YES_AGGRESSIVE;
				CLANG_WARN_UNREACHABLE_CODE = YES;
				CLANG_WARN__DUPLICATE_METHOD_MATCH = YES;
				CODE_SIGN_IDENTITY = "iPhone Developer";
				COPY_PHASE_STRIP = NO;
				DEBUG_INFORMATION_FORMAT = dwarf;
				ENABLE_STRICT_OBJC_MSGSEND = YES;
				ENABLE_TESTABILITY = YES;
				GCC_C_LANGUAGE_STANDARD = gnu11;
				GCC_DYNAMIC_NO_PIC = NO;
				GCC_NO_COMMON_BLOCKS = YES;
				GCC_OPTIMIZATION_LEVEL = 0;
				GCC_PREPROCESSOR_DEFINITIONS = (
					"DEBUG=1",
					"$(inherited)",
				);
				GCC_WARN_64_TO_32_BIT_CONVERSION = YES;
				GCC_WARN_ABOUT_RETURN_TYPE = YES_ERROR;
				GCC_WARN_UNDECLARED_SELECTOR = YES;
				GCC_WARN_UNINITIALIZED_AUTOS = YES_AGGRESSIVE;
				GCC_WARN_UNUSED_FUNCTION = YES;
				GCC_WARN_UNUSED_VARIABLE = YES;
				IPHONEOS_DEPLOYMENT_TARGET = 12.1;
				MTL_ENABLE_DEBUG_INFO = INCLUDE_SOURCE;
				MTL_FAST_MATH = YES;
				ONLY_ACTIVE_ARCH = YES;
				SDKROOT = iphoneos;
				SWIFT_ACTIVE_COMPILATION_CONDITIONS = DEBUG;
				SWIFT_OPTIMIZATION_LEVEL = "-Onone";
			};
			name = Debug;
		};
		04BA72D321C1846400BC47B6 /* Release */ = {
			isa = XCBuildConfiguration;
			buildSettings = {
				ALWAYS_SEARCH_USER_PATHS = NO;
				CLANG_ANALYZER_NONNULL = YES;
				CLANG_ANALYZER_NUMBER_OBJECT_CONVERSION = YES_AGGRESSIVE;
				CLANG_CXX_LANGUAGE_STANDARD = "gnu++14";
				CLANG_CXX_LIBRARY = "libc++";
				CLANG_ENABLE_MODULES = YES;
				CLANG_ENABLE_OBJC_ARC = YES;
				CLANG_ENABLE_OBJC_WEAK = YES;
				CLANG_WARN_BLOCK_CAPTURE_AUTORELEASING = YES;
				CLANG_WARN_BOOL_CONVERSION = YES;
				CLANG_WARN_COMMA = YES;
				CLANG_WARN_CONSTANT_CONVERSION = YES;
				CLANG_WARN_DEPRECATED_OBJC_IMPLEMENTATIONS = YES;
				CLANG_WARN_DIRECT_OBJC_ISA_USAGE = YES_ERROR;
				CLANG_WARN_DOCUMENTATION_COMMENTS = YES;
				CLANG_WARN_EMPTY_BODY = YES;
				CLANG_WARN_ENUM_CONVERSION = YES;
				CLANG_WARN_INFINITE_RECURSION = YES;
				CLANG_WARN_INT_CONVERSION = YES;
				CLANG_WARN_NON_LITERAL_NULL_CONVERSION = YES;
				CLANG_WARN_OBJC_IMPLICIT_RETAIN_SELF = YES;
				CLANG_WARN_OBJC_LITERAL_CONVERSION = YES;
				CLANG_WARN_OBJC_ROOT_CLASS = YES_ERROR;
				CLANG_WARN_RANGE_LOOP_ANALYSIS = YES;
				CLANG_WARN_STRICT_PROTOTYPES = YES;
				CLANG_WARN_SUSPICIOUS_MOVE = YES;
				CLANG_WARN_UNGUARDED_AVAILABILITY = YES_AGGRESSIVE;
				CLANG_WARN_UNREACHABLE_CODE = YES;
				CLANG_WARN__DUPLICATE_METHOD_MATCH = YES;
				CODE_SIGN_IDENTITY = "iPhone Developer";
				COPY_PHASE_STRIP = NO;
				DEBUG_INFORMATION_FORMAT = "dwarf-with-dsym";
				ENABLE_NS_ASSERTIONS = NO;
				ENABLE_STRICT_OBJC_MSGSEND = YES;
				GCC_C_LANGUAGE_STANDARD = gnu11;
				GCC_NO_COMMON_BLOCKS = YES;
				GCC_WARN_64_TO_32_BIT_CONVERSION = YES;
				GCC_WARN_ABOUT_RETURN_TYPE = YES_ERROR;
				GCC_WARN_UNDECLARED_SELECTOR = YES;
				GCC_WARN_UNINITIALIZED_AUTOS = YES_AGGRESSIVE;
				GCC_WARN_UNUSED_FUNCTION = YES;
				GCC_WARN_UNUSED_VARIABLE = YES;
				IPHONEOS_DEPLOYMENT_TARGET = 12.1;
				MTL_ENABLE_DEBUG_INFO = NO;
				MTL_FAST_MATH = YES;
				SDKROOT = iphoneos;
				SWIFT_COMPILATION_MODE = wholemodule;
				SWIFT_OPTIMIZATION_LEVEL = "-O";
				VALIDATE_PRODUCT = YES;
			};
			name = Release;
		};
		04BA72D521C1846400BC47B6 /* Debug */ = {
			isa = XCBuildConfiguration;
			buildSettings = {
				ASSETCATALOG_COMPILER_APPICON_NAME = AppIcon;
				CODE_SIGN_STYLE = Automatic;
				DEVELOPMENT_TEAM = 7C5XTUX6GS;
				INFOPLIST_FILE = AutoLayoutProg/Info.plist;
				LD_RUNPATH_SEARCH_PATHS = (
					"$(inherited)",
					"@executable_path/Frameworks",
				);
				PRODUCT_BUNDLE_IDENTIFIER = com.sarin.AutoLayoutProg;
				PRODUCT_NAME = "$(TARGET_NAME)";
				SWIFT_VERSION = 4.2;
				TARGETED_DEVICE_FAMILY = "1,2";
			};
			name = Debug;
		};
		04BA72D621C1846400BC47B6 /* Release */ = {
			isa = XCBuildConfiguration;
			buildSettings = {
				ASSETCATALOG_COMPILER_APPICON_NAME = AppIcon;
				CODE_SIGN_STYLE = Automatic;
				DEVELOPMENT_TEAM = 7C5XTUX6GS;
				INFOPLIST_FILE = AutoLayoutProg/Info.plist;
				LD_RUNPATH_SEARCH_PATHS = (
					"$(inherited)",
					"@executable_path/Frameworks",
				);
				PRODUCT_BUNDLE_IDENTIFIER = com.sarin.AutoLayoutProg;
				PRODUCT_NAME = "$(TARGET_NAME)";
				SWIFT_VERSION = 4.2;
				TARGETED_DEVICE_FAMILY = "1,2";
			};
			name = Release;
		};
/* End XCBuildConfiguration section */

/* Begin XCConfigurationList section */
		04BA72BD21C1846300BC47B6 /* Build configuration list for PBXProject "AutoLayoutProg" */ = {
			isa = XCConfigurationList;
			buildConfigurations = (
				04BA72D221C1846400BC47B6 /* Debug */,
				04BA72D321C1846400BC47B6 /* Release */,
			);
			defaultConfigurationIsVisible = 0;
			defaultConfigurationName = Release;
		};
		04BA72D421C1846400BC47B6 /* Build configuration list for PBXNativeTarget "AutoLayoutProg" */ = {
			isa = XCConfigurationList;
			buildConfigurations = (
				04BA72D521C1846400BC47B6 /* Debug */,
				04BA72D621C1846400BC47B6 /* Release */,
			);
			defaultConfigurationIsVisible = 0;
			defaultConfigurationName = Release;
		};
/* End XCConfigurationList section */
	};
	rootObject = 04BA72BA21C1846300BC47B6 /* Project object */;
}
